
Microsoft Visual Studio Solution File, Format Version 12.00
# Visual Studio Version 17
VisualStudioVersion = 17.11.35222.181
MinimumVisualStudioVersion = 10.0.40219.1
Project("{8BC9CEB8-8B4A-11D0-8D11-00A0C91BC942}") = "2_lab второй вариант", "2_lab второй вариант.vcxproj", "{048FF16F-6B2E-4E6B-9CC6-257E125BBFB5}"
EndProject
Global
	GlobalSection(SolutionConfigurationPlatforms) = preSolution
		Debug|x64 = Debug|x64
		Debug|x86 = Debug|x86
		Release|x64 = Release|x64
		Release|x86 = Release|x86
	EndGlobalSection
	GlobalSection(ProjectConfigurationPlatforms) = postSolution
		{048FF16F-6B2E-4E6B-9CC6-257E125BBFB5}.Debug|x64.ActiveCfg = Debug|x64
		{048FF16F-6B2E-4E6B-9CC6-257E125BBFB5}.Debug|x64.Build.0 = Debug|x64
		{048FF16F-6B2E-4E6B-9CC6-257E125BBFB5}.Debug|x86.ActiveCfg = Debug|Win32
		{048FF16F-6B2E-4E6B-9CC6-257E125BBFB5}.Debug|x86.Build.0 = Debug|Win32
		{048FF16F-6B2E-4E6B-9CC6-257E125BBFB5}.Release|x64.ActiveCfg = Release|x64
		{048FF16F-6B2E-4E6B-9CC6-257E125BBFB5}.Release|x64.Build.0 = Release|x64
		{048FF16F-6B2E-4E6B-9CC6-257E125BBFB5}.Release|x86.ActiveCfg = Release|Win32
		{048FF16F-6B2E-4E6B-9CC6-257E125BBFB5}.Release|x86.Build.0 = Release|Win32
	EndGlobalSection
	GlobalSection(SolutionProperties) = preSolution
		HideSolutionNode = FALSE
	EndGlobalSection
	GlobalSection(ExtensibilityGlobals) = postSolution
		SolutionGuid = {543C815B-0860-4A9F-A101-9F7D91BD3B3F}
	EndGlobalSection
EndGlobal
