
Microsoft Visual Studio Solution File, Format Version 12.00
# Visual Studio Version 17
VisualStudioVersion = 17.11.35222.181
MinimumVisualStudioVersion = 10.0.40219.1
Project("{8BC9CEB8-8B4A-11D0-8D11-00A0C91BC942}") = "3_labФигура", "3_labФигура.vcxproj", "{25E65CE9-C15A-4351-A97A-49E6AB4E6C03}"
EndProject
Global
	GlobalSection(SolutionConfigurationPlatforms) = preSolution
		Debug|x64 = Debug|x64
		Debug|x86 = Debug|x86
		Release|x64 = Release|x64
		Release|x86 = Release|x86
	EndGlobalSection
	GlobalSection(ProjectConfigurationPlatforms) = postSolution
		{25E65CE9-C15A-4351-A97A-49E6AB4E6C03}.Debug|x64.ActiveCfg = Debug|x64
		{25E65CE9-C15A-4351-A97A-49E6AB4E6C03}.Debug|x64.Build.0 = Debug|x64
		{25E65CE9-C15A-4351-A97A-49E6AB4E6C03}.Debug|x86.ActiveCfg = Debug|Win32
		{25E65CE9-C15A-4351-A97A-49E6AB4E6C03}.Debug|x86.Build.0 = Debug|Win32
		{25E65CE9-C15A-4351-A97A-49E6AB4E6C03}.Release|x64.ActiveCfg = Release|x64
		{25E65CE9-C15A-4351-A97A-49E6AB4E6C03}.Release|x64.Build.0 = Release|x64
		{25E65CE9-C15A-4351-A97A-49E6AB4E6C03}.Release|x86.ActiveCfg = Release|Win32
		{25E65CE9-C15A-4351-A97A-49E6AB4E6C03}.Release|x86.Build.0 = Release|Win32
	EndGlobalSection
	GlobalSection(SolutionProperties) = preSolution
		HideSolutionNode = FALSE
	EndGlobalSection
	GlobalSection(ExtensibilityGlobals) = postSolution
		SolutionGuid = {A3906F77-5552-4167-A8D5-40CAADB3ED01}
	EndGlobalSection
EndGlobal
